{
  "name": "@williacj/rigger",
  "version": "0.0.0",
  "lockfileVersion": 3,
  "requires": true,
  "packages": {
    "": {
      "name": "@williacj/rigger",
      "version": "0.0.0",
      "license": "MIT",
      "bin": {
        "rigger": "src/cli/rigger.mjs"
      },
      "engines": {
        "node": ">=20"
      }
    }
  }
}
